{
  "../lib/forge-std": {
    "rev": "7117c90c8cf6c68e5acce4f09a6b24715cea4de6"
  },
  "../pq-crystals-dilithium": {
    "rev": "6e00625c5b29f516c6de973fe2ee2fbb150973f9"
  },
  "lib/forge-std": {
    "tag": {
      "name": "v1.12.0",
      "rev": "7117c90c8cf6c68e5acce4f09a6b24715cea4de6"
    }
  },
  "lib/openzeppelin-contracts": {
    "rev": "308c4914b5482e8ffcbbe6f00be7d7f0429856f6"
  }
}