{
  "../../../lib/forge-std": {
    "rev": "7117c90c8cf6c68e5acce4f09a6b24715cea4de6"
  },
  "../../l3/lib/forge-std": {
    "rev": "26048ab55c64519ce21e032fdb49df1d5a2a7eb4"
  },
  "../../l3/lib/openzeppelin-contracts": {
    "rev": "932fddf69a699a9a80fd2396fd1a2ab91cdda123"
  },
  "../lib/forge-std": {
    "rev": "7117c90c8cf6c68e5acce4f09a6b24715cea4de6"
  },
  "../pq-crystals-dilithium": {
    "rev": "6e00625c5b29f516c6de973fe2ee2fbb150973f9"
  },
  "lib/forge-std": {
    "tag": {
      "name": "v1.12.0",
      "rev": "7117c90c8cf6c68e5acce4f09a6b24715cea4de6"
    }
  },
  "lib/openzeppelin-contracts": {
    "rev": "308c4914b5482e8ffcbbe6f00be7d7f0429856f6"
  }
}